
Microsoft Visual Studio Solution File, Format Version 12.00
# Visual Studio Version 17
VisualStudioVersion = 17.0.32014.148
MinimumVisualStudioVersion = 10.0.40219.1
Project("{FAE04EC0-301F-11D3-BF4B-00C04F79EFBC}") = "LoginAPI_Tutorial", "LoginAPI_Tutorial\LoginAPI_Tutorial.csproj", "{441328EB-834D-4DD3-880B-6EB2C90576A9}"
EndProject
Global
	GlobalSection(SolutionConfigurationPlatforms) = preSolution
		Debug|Any CPU = Debug|Any CPU
		Release|Any CPU = Release|Any CPU
	EndGlobalSection
	GlobalSection(ProjectConfigurationPlatforms) = postSolution
		{441328EB-834D-4DD3-880B-6EB2C90576A9}.Debug|Any CPU.ActiveCfg = Debug|Any CPU
		{441328EB-834D-4DD3-880B-6EB2C90576A9}.Debug|Any CPU.Build.0 = Debug|Any CPU
		{441328EB-834D-4DD3-880B-6EB2C90576A9}.Release|Any CPU.ActiveCfg = Release|Any CPU
		{441328EB-834D-4DD3-880B-6EB2C90576A9}.Release|Any CPU.Build.0 = Release|Any CPU
	EndGlobalSection
	GlobalSection(SolutionProperties) = preSolution
		HideSolutionNode = FALSE
	EndGlobalSection
	GlobalSection(ExtensibilityGlobals) = postSolution
		SolutionGuid = {1DC88110-8415-4297-830E-331344AEF725}
	EndGlobalSection
EndGlobal
